
Microsoft Visual Studio Solution File, Format Version 12.00
# Visual Studio Version 17
VisualStudioVersion = 17.5.002.0
MinimumVisualStudioVersion = 10.0.40219.1
Project("{9A19103F-16F7-4668-BE54-9A1E7A4F7556}") = "ProductsAPI", "ProductsAPI\ProductsAPI.csproj", "{4BFD0843-E203-4923-BF9A-A8CBD3744587}"
EndProject
Global
	GlobalSection(SolutionConfigurationPlatforms) = preSolution
		Debug|Any CPU = Debug|Any CPU
		Release|Any CPU = Release|Any CPU
	EndGlobalSection
	GlobalSection(ProjectConfigurationPlatforms) = postSolution
		{4BFD0843-E203-4923-BF9A-A8CBD3744587}.Debug|Any CPU.ActiveCfg = Debug|Any CPU
		{4BFD0843-E203-4923-BF9A-A8CBD3744587}.Debug|Any CPU.Build.0 = Debug|Any CPU
		{4BFD0843-E203-4923-BF9A-A8CBD3744587}.Release|Any CPU.ActiveCfg = Release|Any CPU
		{4BFD0843-E203-4923-BF9A-A8CBD3744587}.Release|Any CPU.Build.0 = Release|Any CPU
	EndGlobalSection
	GlobalSection(SolutionProperties) = preSolution
		HideSolutionNode = FALSE
	EndGlobalSection
	GlobalSection(ExtensibilityGlobals) = postSolution
		SolutionGuid = {03E5E29E-1B16-425B-A01D-1C8BAD40BD48}
	EndGlobalSection
EndGlobal
